
Microsoft Visual Studio Solution File, Format Version 12.00
# Visual Studio Version 17
VisualStudioVersion = 17.11.35431.28
MinimumVisualStudioVersion = 10.0.40219.1
Project("{FAE04EC0-301F-11D3-BF4B-00C04F79EFBC}") = "NewsWebsite.Ui", "NewsWebsite\NewsWebsite.Ui.csproj", "{09C1809E-B307-416B-8DA1-6B3609147C60}"
EndProject
Project("{2150E333-8FDC-42A3-9474-1A3956D46DE8}") = "src", "src", "{B2BC6C31-D956-4615-96FF-767DA813BD42}"
EndProject
Project("{2150E333-8FDC-42A3-9474-1A3956D46DE8}") = "Ui", "Ui", "{594E1A20-70F5-490D-B240-39609439ECAD}"
EndProject
Project("{2150E333-8FDC-42A3-9474-1A3956D46DE8}") = "Api", "Api", "{8087B73E-51F1-43B8-AF52-D4EB87EF03F6}"
EndProject
Project("{FAE04EC0-301F-11D3-BF4B-00C04F79EFBC}") = "NewsWebsite.Api", "NewsWebsite.Api\NewsWebsite.Api.csproj", "{FA105C81-C1EA-4F46-B199-28DB5702EC1E}"
EndProject
Project("{2150E333-8FDC-42A3-9474-1A3956D46DE8}") = "core", "core", "{B68351ED-584F-484B-961A-20CF0685E30A}"
EndProject
Project("{2150E333-8FDC-42A3-9474-1A3956D46DE8}") = "api", "api", "{8D78E3E4-41D5-4448-8905-427B88B934BE}"
EndProject
Project("{FAE04EC0-301F-11D3-BF4B-00C04F79EFBC}") = "NewsWebsite.Domains", "NewsWebsite.Domains\NewsWebsite.Domains.csproj", "{A18CD86B-C139-42B8-BC3F-EE33BF5CFED5}"
EndProject
Project("{FAE04EC0-301F-11D3-BF4B-00C04F79EFBC}") = "NewsWebsite.Persistence", "NewsWebsite.Persistence\NewsWebsite.Persistence.csproj", "{9AD4B36B-8FA0-4E1F-BE03-029FB3F23EEC}"
EndProject
Project("{2150E333-8FDC-42A3-9474-1A3956D46DE8}") = "Sheard", "Sheard", "{67268A20-E856-49A7-8BE0-79B23137CB9B}"
EndProject
Project("{FAE04EC0-301F-11D3-BF4B-00C04F79EFBC}") = "NewsWebsite.Shared", "NewsWebsite.Shared\NewsWebsite.Shared.csproj", "{7AE04454-79E2-43AA-898C-6E4879CB5EFF}"
EndProject
Project("{FAE04EC0-301F-11D3-BF4B-00C04F79EFBC}") = "NewsWebsite.Application", "NewsWebsite.Application\NewsWebsite.Application.csproj", "{4E1C4A1F-41B2-49A1-82C6-9C3B2987FA33}"
EndProject
Global
	GlobalSection(SolutionConfigurationPlatforms) = preSolution
		Debug|Any CPU = Debug|Any CPU
		Release|Any CPU = Release|Any CPU
	EndGlobalSection
	GlobalSection(ProjectConfigurationPlatforms) = postSolution
		{09C1809E-B307-416B-8DA1-6B3609147C60}.Debug|Any CPU.ActiveCfg = Debug|Any CPU
		{09C1809E-B307-416B-8DA1-6B3609147C60}.Debug|Any CPU.Build.0 = Debug|Any CPU
		{09C1809E-B307-416B-8DA1-6B3609147C60}.Release|Any CPU.ActiveCfg = Release|Any CPU
		{09C1809E-B307-416B-8DA1-6B3609147C60}.Release|Any CPU.Build.0 = Release|Any CPU
		{FA105C81-C1EA-4F46-B199-28DB5702EC1E}.Debug|Any CPU.ActiveCfg = Debug|Any CPU
		{FA105C81-C1EA-4F46-B199-28DB5702EC1E}.Debug|Any CPU.Build.0 = Debug|Any CPU
		{FA105C81-C1EA-4F46-B199-28DB5702EC1E}.Release|Any CPU.ActiveCfg = Release|Any CPU
		{FA105C81-C1EA-4F46-B199-28DB5702EC1E}.Release|Any CPU.Build.0 = Release|Any CPU
		{A18CD86B-C139-42B8-BC3F-EE33BF5CFED5}.Debug|Any CPU.ActiveCfg = Debug|Any CPU
		{A18CD86B-C139-42B8-BC3F-EE33BF5CFED5}.Debug|Any CPU.Build.0 = Debug|Any CPU
		{A18CD86B-C139-42B8-BC3F-EE33BF5CFED5}.Release|Any CPU.ActiveCfg = Release|Any CPU
		{A18CD86B-C139-42B8-BC3F-EE33BF5CFED5}.Release|Any CPU.Build.0 = Release|Any CPU
		{9AD4B36B-8FA0-4E1F-BE03-029FB3F23EEC}.Debug|Any CPU.ActiveCfg = Debug|Any CPU
		{9AD4B36B-8FA0-4E1F-BE03-029FB3F23EEC}.Debug|Any CPU.Build.0 = Debug|Any CPU
		{9AD4B36B-8FA0-4E1F-BE03-029FB3F23EEC}.Release|Any CPU.ActiveCfg = Release|Any CPU
		{9AD4B36B-8FA0-4E1F-BE03-029FB3F23EEC}.Release|Any CPU.Build.0 = Release|Any CPU
		{7AE04454-79E2-43AA-898C-6E4879CB5EFF}.Debug|Any CPU.ActiveCfg = Debug|Any CPU
		{7AE04454-79E2-43AA-898C-6E4879CB5EFF}.Debug|Any CPU.Build.0 = Debug|Any CPU
		{7AE04454-79E2-43AA-898C-6E4879CB5EFF}.Release|Any CPU.ActiveCfg = Release|Any CPU
		{7AE04454-79E2-43AA-898C-6E4879CB5EFF}.Release|Any CPU.Build.0 = Release|Any CPU
		{4E1C4A1F-41B2-49A1-82C6-9C3B2987FA33}.Debug|Any CPU.ActiveCfg = Debug|Any CPU
		{4E1C4A1F-41B2-49A1-82C6-9C3B2987FA33}.Debug|Any CPU.Build.0 = Debug|Any CPU
		{4E1C4A1F-41B2-49A1-82C6-9C3B2987FA33}.Release|Any CPU.ActiveCfg = Release|Any CPU
		{4E1C4A1F-41B2-49A1-82C6-9C3B2987FA33}.Release|Any CPU.Build.0 = Release|Any CPU
	EndGlobalSection
	GlobalSection(SolutionProperties) = preSolution
		HideSolutionNode = FALSE
	EndGlobalSection
	GlobalSection(NestedProjects) = preSolution
		{09C1809E-B307-416B-8DA1-6B3609147C60} = {594E1A20-70F5-490D-B240-39609439ECAD}
		{594E1A20-70F5-490D-B240-39609439ECAD} = {B2BC6C31-D956-4615-96FF-767DA813BD42}
		{8087B73E-51F1-43B8-AF52-D4EB87EF03F6} = {B2BC6C31-D956-4615-96FF-767DA813BD42}
		{FA105C81-C1EA-4F46-B199-28DB5702EC1E} = {8087B73E-51F1-43B8-AF52-D4EB87EF03F6}
		{B68351ED-584F-484B-961A-20CF0685E30A} = {B2BC6C31-D956-4615-96FF-767DA813BD42}
		{8D78E3E4-41D5-4448-8905-427B88B934BE} = {B68351ED-584F-484B-961A-20CF0685E30A}
		{A18CD86B-C139-42B8-BC3F-EE33BF5CFED5} = {8D78E3E4-41D5-4448-8905-427B88B934BE}
		{9AD4B36B-8FA0-4E1F-BE03-029FB3F23EEC} = {8D78E3E4-41D5-4448-8905-427B88B934BE}
		{67268A20-E856-49A7-8BE0-79B23137CB9B} = {B2BC6C31-D956-4615-96FF-767DA813BD42}
		{7AE04454-79E2-43AA-898C-6E4879CB5EFF} = {67268A20-E856-49A7-8BE0-79B23137CB9B}
		{4E1C4A1F-41B2-49A1-82C6-9C3B2987FA33} = {B68351ED-584F-484B-961A-20CF0685E30A}
	EndGlobalSection
	GlobalSection(ExtensibilityGlobals) = postSolution
		SolutionGuid = {D430C609-345E-4B6A-B434-C0E901A02E44}
	EndGlobalSection
EndGlobal
